
Microsoft Visual Studio Solution File, Format Version 12.00
# Visual Studio 15
VisualStudioVersion = 15.0.26730.16
MinimumVisualStudioVersion = 10.0.40219.1
Project("{FAE04EC0-301F-11D3-BF4B-00C04F79EFBC}") = "Plato.Cache", "src\Plato.Cache\Plato.Cache.csproj", "{96E1C168-23CA-4423-96F9-46E547561F3C}"
	ProjectSection(ProjectDependencies) = postProject
		{5A518F0A-7B62-4690-AEA9-1C19CF35D386} = {5A518F0A-7B62-4690-AEA9-1C19CF35D386}
		{FE8C4552-9AD9-4D4C-B6EC-64BF4FD0E3F4} = {FE8C4552-9AD9-4D4C-B6EC-64BF4FD0E3F4}
	EndProjectSection
EndProject
Project("{FAE04EC0-301F-11D3-BF4B-00C04F79EFBC}") = "Plato.Configuration", "src\Plato.Configuration\Plato.Configuration.csproj", "{4E421333-54D9-48CE-BA71-A3EC80E9FA0F}"
	ProjectSection(ProjectDependencies) = postProject
		{EFB05004-B25B-4AD6-90AD-E634D34B2D6F} = {EFB05004-B25B-4AD6-90AD-E634D34B2D6F}
		{3824E704-14AA-4714-9AAB-5608E52666C3} = {3824E704-14AA-4714-9AAB-5608E52666C3}
		{FE8C4552-9AD9-4D4C-B6EC-64BF4FD0E3F4} = {FE8C4552-9AD9-4D4C-B6EC-64BF4FD0E3F4}
	EndProjectSection
EndProject
Project("{FAE04EC0-301F-11D3-BF4B-00C04F79EFBC}") = "Plato.Security", "src\Plato.Security\Plato.Security.csproj", "{EFB05004-B25B-4AD6-90AD-E634D34B2D6F}"
	ProjectSection(ProjectDependencies) = postProject
		{3824E704-14AA-4714-9AAB-5608E52666C3} = {3824E704-14AA-4714-9AAB-5608E52666C3}
		{5A518F0A-7B62-4690-AEA9-1C19CF35D386} = {5A518F0A-7B62-4690-AEA9-1C19CF35D386}
		{FE8C4552-9AD9-4D4C-B6EC-64BF4FD0E3F4} = {FE8C4552-9AD9-4D4C-B6EC-64BF4FD0E3F4}
	EndProjectSection
EndProject
Project("{FAE04EC0-301F-11D3-BF4B-00C04F79EFBC}") = "Plato.Serializers", "src\Plato.Serializers\Plato.Serializers.csproj", "{3824E704-14AA-4714-9AAB-5608E52666C3}"
EndProject
Project("{FAE04EC0-301F-11D3-BF4B-00C04F79EFBC}") = "Plato.Core", "src\Plato.Core\Plato.Core.csproj", "{FE8C4552-9AD9-4D4C-B6EC-64BF4FD0E3F4}"
EndProject
Project("{FAE04EC0-301F-11D3-BF4B-00C04F79EFBC}") = "Plato.WinAPI", "src\Plato.WinAPI\Plato.WinAPI.csproj", "{5A518F0A-7B62-4690-AEA9-1C19CF35D386}"
EndProject
Project("{2150E333-8FDC-42A3-9474-1A3956D46DE8}") = "02. Packages", "02. Packages", "{28D2CB15-FCC1-44A6-B2CC-E78887774870}"
EndProject
Project("{FAE04EC0-301F-11D3-BF4B-00C04F79EFBC}") = "Plato.Dapper", "src\Plato.Dapper\Plato.Dapper.csproj", "{A4BCF57C-AA07-49DE-ADAD-CFA263A4F1EA}"
EndProject
Project("{FAE04EC0-301F-11D3-BF4B-00C04F79EFBC}") = "Plato.Messaging", "src\Plato.Messaging\Plato.Messaging.csproj", "{AAA49797-2AFF-4444-9DA8-382644EE485E}"
EndProject
Project("{2150E333-8FDC-42A3-9474-1A3956D46DE8}") = "01. SolutionItems", "01. SolutionItems", "{2E348269-C6DF-4688-9908-1DB4EF24F3FC}"
	ProjectSection(SolutionItems) = preProject
		appveyor.yml = appveyor.yml
		src\Plato.NET.licenseheader = src\Plato.NET.licenseheader
		README.md = README.md
		src\VersionInfo.cs = src\VersionInfo.cs
	EndProjectSection
EndProject
Project("{FAE04EC0-301F-11D3-BF4B-00C04F79EFBC}") = "Plato", "src\Plato\Plato.csproj", "{AC558AAF-818F-4D13-B29E-B1A81CDB39F0}"
EndProject
Project("{FAE04EC0-301F-11D3-BF4B-00C04F79EFBC}") = "Plato.Redis", "src\Plato.Redis\Plato.Redis.csproj", "{09D54CF0-0A96-4EE7-B26D-1DBDF297ADCF}"
EndProject
Project("{FAE04EC0-301F-11D3-BF4B-00C04F79EFBC}") = "Plato.Messaging.AMQ", "src\Plato.Messaging.AMQ\Plato.Messaging.AMQ.csproj", "{B45BE972-503F-4B61-A4BD-0AA2E8444DFC}"
EndProject
Project("{FAE04EC0-301F-11D3-BF4B-00C04F79EFBC}") = "Plato.Messaging.RMQ", "src\Plato.Messaging.RMQ\Plato.Messaging.RMQ.csproj", "{2D674644-2484-4B93-BE95-879A94740FE6}"
EndProject
Project("{2150E333-8FDC-42A3-9474-1A3956D46DE8}") = "03. TestHarness", "03. TestHarness", "{E2F58635-15F5-42E3-9E8F-1D38C41B1340}"
EndProject
Project("{FAE04EC0-301F-11D3-BF4B-00C04F79EFBC}") = "Plato.TestHarness", "src\Plato.TestHarness\Plato.TestHarness.csproj", "{F123A6AA-5C4F-4606-A9ED-4DDD653B906E}"
EndProject
Project("{FAE04EC0-301F-11D3-BF4B-00C04F79EFBC}") = "Plato.Async", "src\Plato.Async\Plato.Async.csproj", "{7C044EA5-26BB-474B-910B-B689D2496F6F}"
EndProject
Global
	GlobalSection(SolutionConfigurationPlatforms) = preSolution
		Debug|Any CPU = Debug|Any CPU
		Release|Any CPU = Release|Any CPU
	EndGlobalSection
	GlobalSection(ProjectConfigurationPlatforms) = postSolution
		{96E1C168-23CA-4423-96F9-46E547561F3C}.Debug|Any CPU.ActiveCfg = Debug|Any CPU
		{96E1C168-23CA-4423-96F9-46E547561F3C}.Debug|Any CPU.Build.0 = Debug|Any CPU
		{96E1C168-23CA-4423-96F9-46E547561F3C}.Release|Any CPU.ActiveCfg = Release|Any CPU
		{96E1C168-23CA-4423-96F9-46E547561F3C}.Release|Any CPU.Build.0 = Release|Any CPU
		{4E421333-54D9-48CE-BA71-A3EC80E9FA0F}.Debug|Any CPU.ActiveCfg = Debug|Any CPU
		{4E421333-54D9-48CE-BA71-A3EC80E9FA0F}.Debug|Any CPU.Build.0 = Debug|Any CPU
		{4E421333-54D9-48CE-BA71-A3EC80E9FA0F}.Release|Any CPU.ActiveCfg = Release|Any CPU
		{4E421333-54D9-48CE-BA71-A3EC80E9FA0F}.Release|Any CPU.Build.0 = Release|Any CPU
		{EFB05004-B25B-4AD6-90AD-E634D34B2D6F}.Debug|Any CPU.ActiveCfg = Debug|Any CPU
		{EFB05004-B25B-4AD6-90AD-E634D34B2D6F}.Debug|Any CPU.Build.0 = Debug|Any CPU
		{EFB05004-B25B-4AD6-90AD-E634D34B2D6F}.Release|Any CPU.ActiveCfg = Release|Any CPU
		{EFB05004-B25B-4AD6-90AD-E634D34B2D6F}.Release|Any CPU.Build.0 = Release|Any CPU
		{3824E704-14AA-4714-9AAB-5608E52666C3}.Debug|Any CPU.ActiveCfg = Debug|Any CPU
		{3824E704-14AA-4714-9AAB-5608E52666C3}.Debug|Any CPU.Build.0 = Debug|Any CPU
		{3824E704-14AA-4714-9AAB-5608E52666C3}.Release|Any CPU.ActiveCfg = Release|Any CPU
		{3824E704-14AA-4714-9AAB-5608E52666C3}.Release|Any CPU.Build.0 = Release|Any CPU
		{FE8C4552-9AD9-4D4C-B6EC-64BF4FD0E3F4}.Debug|Any CPU.ActiveCfg = Debug|Any CPU
		{FE8C4552-9AD9-4D4C-B6EC-64BF4FD0E3F4}.Debug|Any CPU.Build.0 = Debug|Any CPU
		{FE8C4552-9AD9-4D4C-B6EC-64BF4FD0E3F4}.Release|Any CPU.ActiveCfg = Release|Any CPU
		{FE8C4552-9AD9-4D4C-B6EC-64BF4FD0E3F4}.Release|Any CPU.Build.0 = Release|Any CPU
		{5A518F0A-7B62-4690-AEA9-1C19CF35D386}.Debug|Any CPU.ActiveCfg = Debug|Any CPU
		{5A518F0A-7B62-4690-AEA9-1C19CF35D386}.Debug|Any CPU.Build.0 = Debug|Any CPU
		{5A518F0A-7B62-4690-AEA9-1C19CF35D386}.Release|Any CPU.ActiveCfg = Release|Any CPU
		{5A518F0A-7B62-4690-AEA9-1C19CF35D386}.Release|Any CPU.Build.0 = Release|Any CPU
		{A4BCF57C-AA07-49DE-ADAD-CFA263A4F1EA}.Debug|Any CPU.ActiveCfg = Debug|Any CPU
		{A4BCF57C-AA07-49DE-ADAD-CFA263A4F1EA}.Debug|Any CPU.Build.0 = Debug|Any CPU
		{A4BCF57C-AA07-49DE-ADAD-CFA263A4F1EA}.Release|Any CPU.ActiveCfg = Release|Any CPU
		{A4BCF57C-AA07-49DE-ADAD-CFA263A4F1EA}.Release|Any CPU.Build.0 = Release|Any CPU
		{AAA49797-2AFF-4444-9DA8-382644EE485E}.Debug|Any CPU.ActiveCfg = Debug|Any CPU
		{AAA49797-2AFF-4444-9DA8-382644EE485E}.Debug|Any CPU.Build.0 = Debug|Any CPU
		{AAA49797-2AFF-4444-9DA8-382644EE485E}.Release|Any CPU.ActiveCfg = Release|Any CPU
		{AAA49797-2AFF-4444-9DA8-382644EE485E}.Release|Any CPU.Build.0 = Release|Any CPU
		{AC558AAF-818F-4D13-B29E-B1A81CDB39F0}.Debug|Any CPU.ActiveCfg = Debug|Any CPU
		{AC558AAF-818F-4D13-B29E-B1A81CDB39F0}.Debug|Any CPU.Build.0 = Debug|Any CPU
		{AC558AAF-818F-4D13-B29E-B1A81CDB39F0}.Release|Any CPU.ActiveCfg = Release|Any CPU
		{AC558AAF-818F-4D13-B29E-B1A81CDB39F0}.Release|Any CPU.Build.0 = Release|Any CPU
		{09D54CF0-0A96-4EE7-B26D-1DBDF297ADCF}.Debug|Any CPU.ActiveCfg = Debug|Any CPU
		{09D54CF0-0A96-4EE7-B26D-1DBDF297ADCF}.Debug|Any CPU.Build.0 = Debug|Any CPU
		{09D54CF0-0A96-4EE7-B26D-1DBDF297ADCF}.Release|Any CPU.ActiveCfg = Release|Any CPU
		{09D54CF0-0A96-4EE7-B26D-1DBDF297ADCF}.Release|Any CPU.Build.0 = Release|Any CPU
		{B45BE972-503F-4B61-A4BD-0AA2E8444DFC}.Debug|Any CPU.ActiveCfg = Debug|Any CPU
		{B45BE972-503F-4B61-A4BD-0AA2E8444DFC}.Debug|Any CPU.Build.0 = Debug|Any CPU
		{B45BE972-503F-4B61-A4BD-0AA2E8444DFC}.Release|Any CPU.ActiveCfg = Release|Any CPU
		{B45BE972-503F-4B61-A4BD-0AA2E8444DFC}.Release|Any CPU.Build.0 = Release|Any CPU
		{2D674644-2484-4B93-BE95-879A94740FE6}.Debug|Any CPU.ActiveCfg = Debug|Any CPU
		{2D674644-2484-4B93-BE95-879A94740FE6}.Debug|Any CPU.Build.0 = Debug|Any CPU
		{2D674644-2484-4B93-BE95-879A94740FE6}.Release|Any CPU.ActiveCfg = Release|Any CPU
		{2D674644-2484-4B93-BE95-879A94740FE6}.Release|Any CPU.Build.0 = Release|Any CPU
		{F123A6AA-5C4F-4606-A9ED-4DDD653B906E}.Debug|Any CPU.ActiveCfg = Debug|Any CPU
		{F123A6AA-5C4F-4606-A9ED-4DDD653B906E}.Debug|Any CPU.Build.0 = Debug|Any CPU
		{F123A6AA-5C4F-4606-A9ED-4DDD653B906E}.Release|Any CPU.ActiveCfg = Release|Any CPU
		{F123A6AA-5C4F-4606-A9ED-4DDD653B906E}.Release|Any CPU.Build.0 = Release|Any CPU
		{7C044EA5-26BB-474B-910B-B689D2496F6F}.Debug|Any CPU.ActiveCfg = Debug|Any CPU
		{7C044EA5-26BB-474B-910B-B689D2496F6F}.Debug|Any CPU.Build.0 = Debug|Any CPU
		{7C044EA5-26BB-474B-910B-B689D2496F6F}.Release|Any CPU.ActiveCfg = Release|Any CPU
		{7C044EA5-26BB-474B-910B-B689D2496F6F}.Release|Any CPU.Build.0 = Release|Any CPU
	EndGlobalSection
	GlobalSection(SolutionProperties) = preSolution
		HideSolutionNode = FALSE
	EndGlobalSection
	GlobalSection(NestedProjects) = preSolution
		{96E1C168-23CA-4423-96F9-46E547561F3C} = {28D2CB15-FCC1-44A6-B2CC-E78887774870}
		{4E421333-54D9-48CE-BA71-A3EC80E9FA0F} = {28D2CB15-FCC1-44A6-B2CC-E78887774870}
		{EFB05004-B25B-4AD6-90AD-E634D34B2D6F} = {28D2CB15-FCC1-44A6-B2CC-E78887774870}
		{3824E704-14AA-4714-9AAB-5608E52666C3} = {28D2CB15-FCC1-44A6-B2CC-E78887774870}
		{FE8C4552-9AD9-4D4C-B6EC-64BF4FD0E3F4} = {28D2CB15-FCC1-44A6-B2CC-E78887774870}
		{5A518F0A-7B62-4690-AEA9-1C19CF35D386} = {28D2CB15-FCC1-44A6-B2CC-E78887774870}
		{A4BCF57C-AA07-49DE-ADAD-CFA263A4F1EA} = {28D2CB15-FCC1-44A6-B2CC-E78887774870}
		{AAA49797-2AFF-4444-9DA8-382644EE485E} = {28D2CB15-FCC1-44A6-B2CC-E78887774870}
		{AC558AAF-818F-4D13-B29E-B1A81CDB39F0} = {28D2CB15-FCC1-44A6-B2CC-E78887774870}
		{09D54CF0-0A96-4EE7-B26D-1DBDF297ADCF} = {28D2CB15-FCC1-44A6-B2CC-E78887774870}
		{B45BE972-503F-4B61-A4BD-0AA2E8444DFC} = {28D2CB15-FCC1-44A6-B2CC-E78887774870}
		{2D674644-2484-4B93-BE95-879A94740FE6} = {28D2CB15-FCC1-44A6-B2CC-E78887774870}
		{F123A6AA-5C4F-4606-A9ED-4DDD653B906E} = {E2F58635-15F5-42E3-9E8F-1D38C41B1340}
		{7C044EA5-26BB-474B-910B-B689D2496F6F} = {28D2CB15-FCC1-44A6-B2CC-E78887774870}
	EndGlobalSection
	GlobalSection(ExtensibilityGlobals) = postSolution
		SolutionGuid = {9AF11053-C023-4610-A219-15005072A624}
	EndGlobalSection
EndGlobal
